// !$*UTF8*$!
{
	archiveVersion = 1;
	classes = {
	};
	objectVersion = 48;
	objects = {

/* Begin PBXBuildFile section */
		1730371E1FFA860000C77042 /* CoinMarketCapModel.swift in Sources */ = {isa = PBXBuildFile; fileRef = 1730371D1FFA860000C77042 /* CoinMarketCapModel.swift */; };
		173037201FFB183A00C77042 /* CoinMarketViewController.swift in Sources */ = {isa = PBXBuildFile; fileRef = 1730371F1FFB183A00C77042 /* CoinMarketViewController.swift */; };
		173EEAD11FF91E130020855A /* AccountModel.swift in Sources */ = {isa = PBXBuildFile; fileRef = 173EEAD01FF91E130020855A /* AccountModel.swift */; };
		173EEAD31FF9202C0020855A /* CopyableLabel.swift in Sources */ = {isa = PBXBuildFile; fileRef = 173EEAD21FF9202C0020855A /* CopyableLabel.swift */; };
		173EEAD51FF933450020855A /* AccountsViewController.swift in Sources */ = {isa = PBXBuildFile; fileRef = 173EEAD41FF933450020855A /* AccountsViewController.swift */; };
		173EEAD71FF933AB0020855A /* AccountTableViewCellTwo.swift in Sources */ = {isa = PBXBuildFile; fileRef = 173EEAD61FF933AB0020855A /* AccountTableViewCellTwo.swift */; };
		173EEAD91FF937A10020855A /* AccountDetailViewController.swift in Sources */ = {isa = PBXBuildFile; fileRef = 173EEAD81FF937A10020855A /* AccountDetailViewController.swift */; };
		173EEADB1FF9392E0020855A /* QRCodeViewController.swift in Sources */ = {isa = PBXBuildFile; fileRef = 173EEADA1FF9392E0020855A /* QRCodeViewController.swift */; };
		173EEADD1FF93A840020855A /* EditViewController.swift in Sources */ = {isa = PBXBuildFile; fileRef = 173EEADC1FF93A840020855A /* EditViewController.swift */; };
		173EEADF1FF945FD0020855A /* AddViewController.swift in Sources */ = {isa = PBXBuildFile; fileRef = 173EEADE1FF945FD0020855A /* AddViewController.swift */; };
		173EEAE11FF947AB0020855A /* QRScannerViewController.swift in Sources */ = {isa = PBXBuildFile; fileRef = 173EEAE01FF947AB0020855A /* QRScannerViewController.swift */; };
		173FE45D1FFD8819003C0CBC /* FormatSelectViewController.swift in Sources */ = {isa = PBXBuildFile; fileRef = 173FE45C1FFD8819003C0CBC /* FormatSelectViewController.swift */; };
		177E718F1FFC45FB003A3103 /* CurrencySelectViewController.swift in Sources */ = {isa = PBXBuildFile; fileRef = 177E718E1FFC45FB003A3103 /* CurrencySelectViewController.swift */; };
		17BD0108201285A500AEF626 /* SettingsTabelTabelViewController.swift in Sources */ = {isa = PBXBuildFile; fileRef = 17BD0107201285A500AEF626 /* SettingsTabelTabelViewController.swift */; };
		17C1DAF91FF850BF003E0035 /* AppDelegate.swift in Sources */ = {isa = PBXBuildFile; fileRef = 17C1DAF81FF850BF003E0035 /* AppDelegate.swift */; };
		17C1DAFB1FF850BF003E0035 /* ViewController.swift in Sources */ = {isa = PBXBuildFile; fileRef = 17C1DAFA1FF850BF003E0035 /* ViewController.swift */; };
		17C1DAFE1FF850BF003E0035 /* Main.storyboard in Resources */ = {isa = PBXBuildFile; fileRef = 17C1DAFC1FF850BF003E0035 /* Main.storyboard */; };
		17C1DB011FF850BF003E0035 /* DogeTracker.xcdatamodeld in Sources */ = {isa = PBXBuildFile; fileRef = 17C1DAFF1FF850BF003E0035 /* DogeTracker.xcdatamodeld */; };
		17C1DB031FF850BF003E0035 /* Assets.xcassets in Resources */ = {isa = PBXBuildFile; fileRef = 17C1DB021FF850BF003E0035 /* Assets.xcassets */; };
		17C1DB061FF850BF003E0035 /* LaunchScreen.storyboard in Resources */ = {isa = PBXBuildFile; fileRef = 17C1DB041FF850BF003E0035 /* LaunchScreen.storyboard */; };
/* End PBXBuildFile section */

/* Begin PBXFileReference section */
		1730371D1FFA860000C77042 /* CoinMarketCapModel.swift */ = {isa = PBXFileReference; lastKnownFileType = sourcecode.swift; path = CoinMarketCapModel.swift; sourceTree = "<group>"; };
		1730371F1FFB183A00C77042 /* CoinMarketViewController.swift */ = {isa = PBXFileReference; lastKnownFileType = sourcecode.swift; path = CoinMarketViewController.swift; sourceTree = "<group>"; };
		173EEAD01FF91E130020855A /* AccountModel.swift */ = {isa = PBXFileReference; lastKnownFileType = sourcecode.swift; path = AccountModel.swift; sourceTree = "<group>"; };
		173EEAD21FF9202C0020855A /* CopyableLabel.swift */ = {isa = PBXFileReference; lastKnownFileType = sourcecode.swift; path = CopyableLabel.swift; sourceTree = "<group>"; };
		173EEAD41FF933450020855A /* AccountsViewController.swift */ = {isa = PBXFileReference; lastKnownFileType = sourcecode.swift; path = AccountsViewController.swift; sourceTree = "<group>"; };
		173EEAD61FF933AB0020855A /* AccountTableViewCellTwo.swift */ = {isa = PBXFileReference; lastKnownFileType = sourcecode.swift; path = AccountTableViewCellTwo.swift; sourceTree = "<group>"; };
		173EEAD81FF937A10020855A /* AccountDetailViewController.swift */ = {isa = PBXFileReference; lastKnownFileType = sourcecode.swift; path = AccountDetailViewController.swift; sourceTree = "<group>"; };
		173EEADA1FF9392E0020855A /* QRCodeViewController.swift */ = {isa = PBXFileReference; lastKnownFileType = sourcecode.swift; path = QRCodeViewController.swift; sourceTree = "<group>"; };
		173EEADC1FF93A840020855A /* EditViewController.swift */ = {isa = PBXFileReference; lastKnownFileType = sourcecode.swift; path = EditViewController.swift; sourceTree = "<group>"; };
		173EEADE1FF945FD0020855A /* AddViewController.swift */ = {isa = PBXFileReference; lastKnownFileType = sourcecode.swift; path = AddViewController.swift; sourceTree = "<group>"; };
		173EEAE01FF947AB0020855A /* QRScannerViewController.swift */ = {isa = PBXFileReference; lastKnownFileType = sourcecode.swift; path = QRScannerViewController.swift; sourceTree = "<group>"; };
		173FE45C1FFD8819003C0CBC /* FormatSelectViewController.swift */ = {isa = PBXFileReference; lastKnownFileType = sourcecode.swift; path = FormatSelectViewController.swift; sourceTree = "<group>"; };
		177E718E1FFC45FB003A3103 /* CurrencySelectViewController.swift */ = {isa = PBXFileReference; lastKnownFileType = sourcecode.swift; path = CurrencySelectViewController.swift; sourceTree = "<group>"; };
		17862CCC1FF99D6700EC6CA4 /* DogeTracker.entitlements */ = {isa = PBXFileReference; lastKnownFileType = text.plist.entitlements; path = DogeTracker.entitlements; sourceTree = "<group>"; };
		17BD0107201285A500AEF626 /* SettingsTabelTabelViewController.swift */ = {isa = PBXFileReference; lastKnownFileType = sourcecode.swift; path = SettingsTabelTabelViewController.swift; sourceTree = "<group>"; };
		17C1DAF51FF850BF003E0035 /* DogeTracker.app */ = {isa = PBXFileReference; explicitFileType = wrapper.application; includeInIndex = 0; path = DogeTracker.app; sourceTree = BUILT_PRODUCTS_DIR; };
		17C1DAF81FF850BF003E0035 /* AppDelegate.swift */ = {isa = PBXFileReference; lastKnownFileType = sourcecode.swift; path = AppDelegate.swift; sourceTree = "<group>"; };
		17C1DAFA1FF850BF003E0035 /* ViewController.swift */ = {isa = PBXFileReference; lastKnownFileType = sourcecode.swift; path = ViewController.swift; sourceTree = "<group>"; };
		17C1DAFD1FF850BF003E0035 /* Base */ = {isa = PBXFileReference; lastKnownFileType = file.storyboard; name = Base; path = Base.lproj/Main.storyboard; sourceTree = "<group>"; };
		17C1DB001FF850BF003E0035 /* test.xcdatamodel */ = {isa = PBXFileReference; lastKnownFileType = wrapper.xcdatamodel; path = test.xcdatamodel; sourceTree = "<group>"; };
		17C1DB021FF850BF003E0035 /* Assets.xcassets */ = {isa = PBXFileReference; lastKnownFileType = folder.assetcatalog; path = Assets.xcassets; sourceTree = "<group>"; };
		17C1DB051FF850BF003E0035 /* Base */ = {isa = PBXFileReference; lastKnownFileType = file.storyboard; name = Base; path = Base.lproj/LaunchScreen.storyboard; sourceTree = "<group>"; };
		17C1DB071FF850BF003E0035 /* Info.plist */ = {isa = PBXFileReference; lastKnownFileType = text.plist.xml; path = Info.plist; sourceTree = "<group>"; };
/* End PBXFileReference section */

/* Begin PBXFrameworksBuildPhase section */
		17C1DAF21FF850BF003E0035 /* Frameworks */ = {
			isa = PBXFrameworksBuildPhase;
			buildActionMask = 2147483647;
			files = (
			);
			runOnlyForDeploymentPostprocessing = 0;
		};
/* End PBXFrameworksBuildPhase section */

/* Begin PBXGroup section */
		17C1DAEC1FF850BF003E0035 = {
			isa = PBXGroup;
			children = (
				17C1DAF71FF850BF003E0035 /* DogeTracker */,
				17C1DAF61FF850BF003E0035 /* Products */,
			);
			sourceTree = "<group>";
		};
		17C1DAF61FF850BF003E0035 /* Products */ = {
			isa = PBXGroup;
			children = (
				17C1DAF51FF850BF003E0035 /* DogeTracker.app */,
			);
			name = Products;
			sourceTree = "<group>";
		};
		17C1DAF71FF850BF003E0035 /* DogeTracker */ = {
			isa = PBXGroup;
			children = (
				17862CCC1FF99D6700EC6CA4 /* DogeTracker.entitlements */,
				17C1DAF81FF850BF003E0035 /* AppDelegate.swift */,
				173EEAD21FF9202C0020855A /* CopyableLabel.swift */,
				173EEAD01FF91E130020855A /* AccountModel.swift */,
				1730371D1FFA860000C77042 /* CoinMarketCapModel.swift */,
				17C1DAFA1FF850BF003E0035 /* ViewController.swift */,
				17BD0107201285A500AEF626 /* SettingsTabelTabelViewController.swift */,
				177E718E1FFC45FB003A3103 /* CurrencySelectViewController.swift */,
				173FE45C1FFD8819003C0CBC /* FormatSelectViewController.swift */,
				1730371F1FFB183A00C77042 /* CoinMarketViewController.swift */,
				173EEAD41FF933450020855A /* AccountsViewController.swift */,
				173EEADE1FF945FD0020855A /* AddViewController.swift */,
				173EEAE01FF947AB0020855A /* QRScannerViewController.swift */,
				173EEAD61FF933AB0020855A /* AccountTableViewCellTwo.swift */,
				173EEAD81FF937A10020855A /* AccountDetailViewController.swift */,
				173EEADC1FF93A840020855A /* EditViewController.swift */,
				173EEADA1FF9392E0020855A /* QRCodeViewController.swift */,
				17C1DB021FF850BF003E0035 /* Assets.xcassets */,
				17C1DAFC1FF850BF003E0035 /* Main.storyboard */,
				17C1DB041FF850BF003E0035 /* LaunchScreen.storyboard */,
				17C1DB071FF850BF003E0035 /* Info.plist */,
				17C1DAFF1FF850BF003E0035 /* DogeTracker.xcdatamodeld */,
			);
			path = DogeTracker;
			sourceTree = "<group>";
		};
/* End PBXGroup section */

/* Begin PBXNativeTarget section */
		17C1DAF41FF850BF003E0035 /* DogeTracker */ = {
			isa = PBXNativeTarget;
			buildConfigurationList = 17C1DB0A1FF850BF003E0035 /* Build configuration list for PBXNativeTarget "DogeTracker" */;
			buildPhases = (
				17C1DAF11FF850BF003E0035 /* Sources */,
				17C1DAF21FF850BF003E0035 /* Frameworks */,
				17C1DAF31FF850BF003E0035 /* Resources */,
			);
			buildRules = (
			);
			dependencies = (
			);
			name = DogeTracker;
			productName = test;
			productReference = 17C1DAF51FF850BF003E0035 /* DogeTracker.app */;
			productType = "com.apple.product-type.application";
		};
/* End PBXNativeTarget section */

/* Begin PBXProject section */
		17C1DAED1FF850BF003E0035 /* Project object */ = {
			isa = PBXProject;
			attributes = {
				LastSwiftUpdateCheck = 0920;
				LastUpgradeCheck = 0920;
				ORGANIZATIONNAME = "Philipp Pobitzer";
				TargetAttributes = {
					17C1DAF41FF850BF003E0035 = {
						CreatedOnToolsVersion = 9.2;
						ProvisioningStyle = Automatic;
						SystemCapabilities = {
							com.apple.DataProtection = {
								enabled = 1;
							};
						};
					};
				};
			};
			buildConfigurationList = 17C1DAF01FF850BF003E0035 /* Build configuration list for PBXProject "DogeTracker" */;
			compatibilityVersion = "Xcode 8.0";
			developmentRegion = en;
			hasScannedForEncodings = 0;
			knownRegions = (
				en,
				Base,
			);
			mainGroup = 17C1DAEC1FF850BF003E0035;
			productRefGroup = 17C1DAF61FF850BF003E0035 /* Products */;
			projectDirPath = "";
			projectRoot = "";
			targets = (
				17C1DAF41FF850BF003E0035 /* DogeTracker */,
			);
		};
/* End PBXProject section */

/* Begin PBXResourcesBuildPhase section */
		17C1DAF31FF850BF003E0035 /* Resources */ = {
			isa = PBXResourcesBuildPhase;
			buildActionMask = 2147483647;
			files = (
				17C1DB061FF850BF003E0035 /* LaunchScreen.storyboard in Resources */,
				17C1DB031FF850BF003E0035 /* Assets.xcassets in Resources */,
				17C1DAFE1FF850BF003E0035 /* Main.storyboard in Resources */,
			);
			runOnlyForDeploymentPostprocessing = 0;
		};
/* End PBXResourcesBuildPhase section */

/* Begin PBXSourcesBuildPhase section */
		17C1DAF11FF850BF003E0035 /* Sources */ = {
			isa = PBXSourcesBuildPhase;
			buildActionMask = 2147483647;
			files = (
				173EEADD1FF93A840020855A /* EditViewController.swift in Sources */,
				173EEAD71FF933AB0020855A /* AccountTableViewCellTwo.swift in Sources */,
				173EEAD91FF937A10020855A /* AccountDetailViewController.swift in Sources */,
				17BD0108201285A500AEF626 /* SettingsTabelTabelViewController.swift in Sources */,
				173EEADF1FF945FD0020855A /* AddViewController.swift in Sources */,
				173EEAD31FF9202C0020855A /* CopyableLabel.swift in Sources */,
				17C1DAFB1FF850BF003E0035 /* ViewController.swift in Sources */,
				173EEAD11FF91E130020855A /* AccountModel.swift in Sources */,
				17C1DAF91FF850BF003E0035 /* AppDelegate.swift in Sources */,
				173EEAE11FF947AB0020855A /* QRScannerViewController.swift in Sources */,
				177E718F1FFC45FB003A3103 /* CurrencySelectViewController.swift in Sources */,
				1730371E1FFA860000C77042 /* CoinMarketCapModel.swift in Sources */,
				173EEADB1FF9392E0020855A /* QRCodeViewController.swift in Sources */,
				173EEAD51FF933450020855A /* AccountsViewController.swift in Sources */,
				173FE45D1FFD8819003C0CBC /* FormatSelectViewController.swift in Sources */,
				17C1DB011FF850BF003E0035 /* DogeTracker.xcdatamodeld in Sources */,
				173037201FFB183A00C77042 /* CoinMarketViewController.swift in Sources */,
			);
			runOnlyForDeploymentPostprocessing = 0;
		};
/* End PBXSourcesBuildPhase section */

/* Begin PBXVariantGroup section */
		17C1DAFC1FF850BF003E0035 /* Main.storyboard */ = {
			isa = PBXVariantGroup;
			children = (
				17C1DAFD1FF850BF003E0035 /* Base */,
			);
			name = Main.storyboard;
			sourceTree = "<group>";
		};
		17C1DB041FF850BF003E0035 /* LaunchScreen.storyboard */ = {
			isa = PBXVariantGroup;
			children = (
				17C1DB051FF850BF003E0035 /* Base */,
			);
			name = LaunchScreen.storyboard;
			sourceTree = "<group>";
		};
/* End PBXVariantGroup section */

/* Begin XCBuildConfiguration section */
		17C1DB081FF850BF003E0035 /* Debug */ = {
			isa = XCBuildConfiguration;
			buildSettings = {
				ALWAYS_SEARCH_USER_PATHS = NO;
				CLANG_ANALYZER_NONNULL = YES;
				CLANG_ANALYZER_NUMBER_OBJECT_CONVERSION = YES_AGGRESSIVE;
				CLANG_CXX_LANGUAGE_STANDARD = "gnu++14";
				CLANG_CXX_LIBRARY = "libc++";
				CLANG_ENABLE_MODULES = YES;
				CLANG_ENABLE_OBJC_ARC = YES;
				CLANG_WARN_BLOCK_CAPTURE_AUTORELEASING = YES;
				CLANG_WARN_BOOL_CONVERSION = YES;
				CLANG_WARN_COMMA = YES;
				CLANG_WARN_CONSTANT_CONVERSION = YES;
				CLANG_WARN_DIRECT_OBJC_ISA_USAGE = YES_ERROR;
				CLANG_WARN_DOCUMENTATION_COMMENTS = YES;
				CLANG_WARN_EMPTY_BODY = YES;
				CLANG_WARN_ENUM_CONVERSION = YES;
				CLANG_WARN_INFINITE_RECURSION = YES;
				CLANG_WARN_INT_CONVERSION = YES;
				CLANG_WARN_NON_LITERAL_NULL_CONVERSION = YES;
				CLANG_WARN_OBJC_LITERAL_CONVERSION = YES;
				CLANG_WARN_OBJC_ROOT_CLASS = YES_ERROR;
				CLANG_WARN_RANGE_LOOP_ANALYSIS = YES;
				CLANG_WARN_STRICT_PROTOTYPES = YES;
				CLANG_WARN_SUSPICIOUS_MOVE = YES;
				CLANG_WARN_UNGUARDED_AVAILABILITY = YES_AGGRESSIVE;
				CLANG_WARN_UNREACHABLE_CODE = YES;
				CLANG_WARN__DUPLICATE_METHOD_MATCH = YES;
				CODE_SIGN_IDENTITY = "iPhone Developer";
				COPY_PHASE_STRIP = NO;
				DEBUG_INFORMATION_FORMAT = dwarf;
				ENABLE_STRICT_OBJC_MSGSEND = YES;
				ENABLE_TESTABILITY = YES;
				GCC_C_LANGUAGE_STANDARD = gnu11;
				GCC_DYNAMIC_NO_PIC = NO;
				GCC_NO_COMMON_BLOCKS = YES;
				GCC_OPTIMIZATION_LEVEL = 0;
				GCC_PREPROCESSOR_DEFINITIONS = (
					"DEBUG=1",
					"$(inherited)",
				);
				GCC_WARN_64_TO_32_BIT_CONVERSION = YES;
				GCC_WARN_ABOUT_RETURN_TYPE = YES_ERROR;
				GCC_WARN_UNDECLARED_SELECTOR = YES;
				GCC_WARN_UNINITIALIZED_AUTOS = YES_AGGRESSIVE;
				GCC_WARN_UNUSED_FUNCTION = YES;
				GCC_WARN_UNUSED_VARIABLE = YES;
				IPHONEOS_DEPLOYMENT_TARGET = 11.2;
				MTL_ENABLE_DEBUG_INFO = YES;
				ONLY_ACTIVE_ARCH = YES;
				SDKROOT = iphoneos;
				SWIFT_ACTIVE_COMPILATION_CONDITIONS = DEBUG;
				SWIFT_OPTIMIZATION_LEVEL = "-Onone";
			};
			name = Debug;
		};
		17C1DB091FF850BF003E0035 /* Release */ = {
			isa = XCBuildConfiguration;
			buildSettings = {
				ALWAYS_SEARCH_USER_PATHS = NO;
				CLANG_ANALYZER_NONNULL = YES;
				CLANG_ANALYZER_NUMBER_OBJECT_CONVERSION = YES_AGGRESSIVE;
				CLANG_CXX_LANGUAGE_STANDARD = "gnu++14";
				CLANG_CXX_LIBRARY = "libc++";
				CLANG_ENABLE_MODULES = YES;
				CLANG_ENABLE_OBJC_ARC = YES;
				CLANG_WARN_BLOCK_CAPTURE_AUTORELEASING = YES;
				CLANG_WARN_BOOL_CONVERSION = YES;
				CLANG_WARN_COMMA = YES;
				CLANG_WARN_CONSTANT_CONVERSION = YES;
				CLANG_WARN_DIRECT_OBJC_ISA_USAGE = YES_ERROR;
				CLANG_WARN_DOCUMENTATION_COMMENTS = YES;
				CLANG_WARN_EMPTY_BODY = YES;
				CLANG_WARN_ENUM_CONVERSION = YES;
				CLANG_WARN_INFINITE_RECURSION = YES;
				CLANG_WARN_INT_CONVERSION = YES;
				CLANG_WARN_NON_LITERAL_NULL_CONVERSION = YES;
				CLANG_WARN_OBJC_LITERAL_CONVERSION = YES;
				CLANG_WARN_OBJC_ROOT_CLASS = YES_ERROR;
				CLANG_WARN_RANGE_LOOP_ANALYSIS = YES;
				CLANG_WARN_STRICT_PROTOTYPES = YES;
				CLANG_WARN_SUSPICIOUS_MOVE = YES;
				CLANG_WARN_UNGUARDED_AVAILABILITY = YES_AGGRESSIVE;
				CLANG_WARN_UNREACHABLE_CODE = YES;
				CLANG_WARN__DUPLICATE_METHOD_MATCH = YES;
				CODE_SIGN_IDENTITY = "iPhone Developer";
				COPY_PHASE_STRIP = NO;
				DEBUG_INFORMATION_FORMAT = "dwarf-with-dsym";
				ENABLE_NS_ASSERTIONS = NO;
				ENABLE_STRICT_OBJC_MSGSEND = YES;
				GCC_C_LANGUAGE_STANDARD = gnu11;
				GCC_NO_COMMON_BLOCKS = YES;
				GCC_WARN_64_TO_32_BIT_CONVERSION = YES;
				GCC_WARN_ABOUT_RETURN_TYPE = YES_ERROR;
				GCC_WARN_UNDECLARED_SELECTOR = YES;
				GCC_WARN_UNINITIALIZED_AUTOS = YES_AGGRESSIVE;
				GCC_WARN_UNUSED_FUNCTION = YES;
				GCC_WARN_UNUSED_VARIABLE = YES;
				IPHONEOS_DEPLOYMENT_TARGET = 11.2;
				MTL_ENABLE_DEBUG_INFO = NO;
				SDKROOT = iphoneos;
				SWIFT_OPTIMIZATION_LEVEL = "-Owholemodule";
				VALIDATE_PRODUCT = YES;
			};
			name = Release;
		};
		17C1DB0B1FF850BF003E0035 /* Debug */ = {
			isa = XCBuildConfiguration;
			buildSettings = {
				ASSETCATALOG_COMPILER_APPICON_NAME = AppIcon;
				CODE_SIGN_ENTITLEMENTS = DogeTracker/DogeTracker.entitlements;
				CODE_SIGN_STYLE = Automatic;
				DEVELOPMENT_TEAM = 7R5YYT932D;
				INFOPLIST_FILE = DogeTracker/Info.plist;
				IPHONEOS_DEPLOYMENT_TARGET = 9.0;
				LD_RUNPATH_SEARCH_PATHS = "$(inherited) @executable_path/Frameworks";
				PRODUCT_BUNDLE_IDENTIFIER = "com.philipp-p.DogeTracker";
				PRODUCT_NAME = "$(TARGET_NAME)";
				SWIFT_VERSION = 4.0;
				TARGETED_DEVICE_FAMILY = "1,2";
			};
			name = Debug;
		};
		17C1DB0C1FF850BF003E0035 /* Release */ = {
			isa = XCBuildConfiguration;
			buildSettings = {
				ASSETCATALOG_COMPILER_APPICON_NAME = AppIcon;
				CODE_SIGN_ENTITLEMENTS = DogeTracker/DogeTracker.entitlements;
				CODE_SIGN_STYLE = Automatic;
				DEVELOPMENT_TEAM = 7R5YYT932D;
				INFOPLIST_FILE = DogeTracker/Info.plist;
				IPHONEOS_DEPLOYMENT_TARGET = 9.0;
				LD_RUNPATH_SEARCH_PATHS = "$(inherited) @executable_path/Frameworks";
				PRODUCT_BUNDLE_IDENTIFIER = "com.philipp-p.DogeTracker";
				PRODUCT_NAME = "$(TARGET_NAME)";
				SWIFT_VERSION = 4.0;
				TARGETED_DEVICE_FAMILY = "1,2";
			};
			name = Release;
		};
/* End XCBuildConfiguration section */

/* Begin XCConfigurationList section */
		17C1DAF01FF850BF003E0035 /* Build configuration list for PBXProject "DogeTracker" */ = {
			isa = XCConfigurationList;
			buildConfigurations = (
				17C1DB081FF850BF003E0035 /* Debug */,
				17C1DB091FF850BF003E0035 /* Release */,
			);
			defaultConfigurationIsVisible = 0;
			defaultConfigurationName = Release;
		};
		17C1DB0A1FF850BF003E0035 /* Build configuration list for PBXNativeTarget "DogeTracker" */ = {
			isa = XCConfigurationList;
			buildConfigurations = (
				17C1DB0B1FF850BF003E0035 /* Debug */,
				17C1DB0C1FF850BF003E0035 /* Release */,
			);
			defaultConfigurationIsVisible = 0;
			defaultConfigurationName = Release;
		};
/* End XCConfigurationList section */

/* Begin XCVersionGroup section */
		17C1DAFF1FF850BF003E0035 /* DogeTracker.xcdatamodeld */ = {
			isa = XCVersionGroup;
			children = (
				17C1DB001FF850BF003E0035 /* test.xcdatamodel */,
			);
			currentVersion = 17C1DB001FF850BF003E0035 /* test.xcdatamodel */;
			path = DogeTracker.xcdatamodeld;
			sourceTree = "<group>";
			versionGroupType = wrapper.xcdatamodel;
		};
/* End XCVersionGroup section */
	};
	rootObject = 17C1DAED1FF850BF003E0035 /* Project object */;
}
